lockfileVersion: '9.0'

settings:
  autoInstallPeers: true
  excludeLinksFromLockfile: false

importers:

  .:
    devDependencies:
      '@types/lodash.throttle':
        specifier: ^4.1.9
        version: 4.1.9

packages:

  '@types/lodash.throttle@4.1.9':
    resolution: {integrity: sha512-PCPVfpfueguWZQB7pJQK890F2scYKoDUL3iM522AptHWn7d5NQmeS/LTEHIcLr5PaTzl3dK2Z0xSUHHTHwaL5g==}

  '@types/lodash@4.17.13':
    resolution: {integrity: sha512-lfx+dftrEZcdBPczf9d0Qv0x+j/rfNCMuC6OcfXmO8gkfeNAY88PgKUbvG56whcN23gc27yenwF6oJZXGFpYxg==}

snapshots:

  '@types/lodash.throttle@4.1.9':
    dependencies:
      '@types/lodash': 4.17.13

  '@types/lodash@4.17.13': {}
